
Microsoft Visual Studio Solution File, Format Version 12.00
# Visual Studio Version 16
VisualStudioVersion = 16.0.31729.503
MinimumVisualStudioVersion = 10.0.40219.1
Project("{FAE04EC0-301F-11D3-BF4B-00C04F79EFBC}") = "LearnNHibernate", "LearnNHibernate.csproj", "{B37D6BFC-E3D7-4732-94EB-A630686FEFB9}"
EndProject
Global
	GlobalSection(SolutionConfigurationPlatforms) = preSolution
		Debug|Any CPU = Debug|Any CPU
		Release|Any CPU = Release|Any CPU
	EndGlobalSection
	GlobalSection(ProjectConfigurationPlatforms) = postSolution
		{B37D6BFC-E3D7-4732-94EB-A630686FEFB9}.Debug|Any CPU.ActiveCfg = Debug|Any CPU
		{B37D6BFC-E3D7-4732-94EB-A630686FEFB9}.Debug|Any CPU.Build.0 = Debug|Any CPU
		{B37D6BFC-E3D7-4732-94EB-A630686FEFB9}.Release|Any CPU.ActiveCfg = Release|Any CPU
		{B37D6BFC-E3D7-4732-94EB-A630686FEFB9}.Release|Any CPU.Build.0 = Release|Any CPU
	EndGlobalSection
	GlobalSection(SolutionProperties) = preSolution
		HideSolutionNode = FALSE
	EndGlobalSection
	GlobalSection(ExtensibilityGlobals) = postSolution
		SolutionGuid = {4EFDFB44-8CCF-4862-89F3-E626549C6928}
	EndGlobalSection
EndGlobal
